// !$*UTF8*$!
{
	archiveVersion = 1;
	classes = {
	};
	objectVersion = 46;
	objects = {

/* Begin PBXBuildFile section */
		120F5F181F09FBF700B5E65A /* main.m in Sources */ = {isa = PBXBuildFile; fileRef = 120F5F171F09FBF700B5E65A /* main.m */; };
		120F5F1B1F09FBF700B5E65A /* AppDelegate.m in Sources */ = {isa = PBXBuildFile; fileRef = 120F5F1A1F09FBF700B5E65A /* AppDelegate.m */; };
		120F5F1E1F09FBF700B5E65A /* ViewController.m in Sources */ = {isa = PBXBuildFile; fileRef = 120F5F1D1F09FBF700B5E65A /* ViewController.m */; };
		120F5F211F09FBFA00B5E65A /* Main.storyboard in Resources */ = {isa = PBXBuildFile; fileRef = 120F5F1F1F09FBFA00B5E65A /* Main.storyboard */; };
		120F5F241F09FBFC00B5E65A /* MenuController.xcdatamodeld in Sources */ = {isa = PBXBuildFile; fileRef = 120F5F221F09FBFB00B5E65A /* MenuController.xcdatamodeld */; };
		120F5F261F09FBFD00B5E65A /* Assets.xcassets in Resources */ = {isa = PBXBuildFile; fileRef = 120F5F251F09FBFD00B5E65A /* Assets.xcassets */; };
		120F5F291F09FBFE00B5E65A /* LaunchScreen.storyboard in Resources */ = {isa = PBXBuildFile; fileRef = 120F5F271F09FBFE00B5E65A /* LaunchScreen.storyboard */; };
		120F5F341F09FC0200B5E65A /* MenuControllerUITests.m in Sources */ = {isa = PBXBuildFile; fileRef = 120F5F331F09FC0200B5E65A /* MenuControllerUITests.m */; };
		120F5F401F0A336A00B5E65A /* ZYCLabel.m in Sources */ = {isa = PBXBuildFile; fileRef = 120F5F3F1F0A336A00B5E65A /* ZYCLabel.m */; };
/* End PBXBuildFile section */

/* Begin PBXContainerItemProxy section */
		120F5F301F09FC0200B5E65A /* PBXContainerItemProxy */ = {
			isa = PBXContainerItemProxy;
			containerPortal = 120F5F0B1F09FBF700B5E65A /* Project object */;
			proxyType = 1;
			remoteGlobalIDString = 120F5F121F09FBF700B5E65A;
			remoteInfo = MenuController;
		};
/* End PBXContainerItemProxy section */

/* Begin PBXFileReference section */
		120F5F131F09FBF700B5E65A /* MenuController.app */ = {isa = PBXFileReference; explicitFileType = wrapper.application; includeInIndex = 0; path = MenuController.app; sourceTree = BUILT_PRODUCTS_DIR; };
		120F5F171F09FBF700B5E65A /* main.m */ = {isa = PBXFileReference; lastKnownFileType = sourcecode.c.objc; path = main.m; sourceTree = "<group>"; };
		120F5F191F09FBF700B5E65A /* AppDelegate.h */ = {isa = PBXFileReference; lastKnownFileType = sourcecode.c.h; path = AppDelegate.h; sourceTree = "<group>"; };
		120F5F1A1F09FBF700B5E65A /* AppDelegate.m */ = {isa = PBXFileReference; lastKnownFileType = sourcecode.c.objc; path = AppDelegate.m; sourceTree = "<group>"; };
		120F5F1C1F09FBF700B5E65A /* ViewController.h */ = {isa = PBXFileReference; lastKnownFileType = sourcecode.c.h; path = ViewController.h; sourceTree = "<group>"; };
		120F5F1D1F09FBF700B5E65A /* ViewController.m */ = {isa = PBXFileReference; lastKnownFileType = sourcecode.c.objc; path = ViewController.m; sourceTree = "<group>"; };
		120F5F201F09FBFA00B5E65A /* Base */ = {isa = PBXFileReference; lastKnownFileType = file.storyboard; name = Base; path = Base.lproj/Main.storyboard; sourceTree = "<group>"; };
		120F5F231F09FBFB00B5E65A /* MenuController.xcdatamodel */ = {isa = PBXFileReference; lastKnownFileType = wrapper.xcdatamodel; path = MenuController.xcdatamodel; sourceTree = "<group>"; };
		120F5F251F09FBFD00B5E65A /* Assets.xcassets */ = {isa = PBXFileReference; lastKnownFileType = folder.assetcatalog; path = Assets.xcassets; sourceTree = "<group>"; };
		120F5F281F09FBFE00B5E65A /* Base */ = {isa = PBXFileReference; lastKnownFileType = file.storyboard; name = Base; path = Base.lproj/LaunchScreen.storyboard; sourceTree = "<group>"; };
		120F5F2A1F09FBFE00B5E65A /* Info.plist */ = {isa = PBXFileReference; lastKnownFileType = text.plist.xml; path = Info.plist; sourceTree = "<group>"; };
		120F5F2F1F09FC0200B5E65A /* MenuControllerUITests.xctest */ = {isa = PBXFileReference; explicitFileType = wrapper.cfbundle; includeInIndex = 0; path = MenuControllerUITests.xctest; sourceTree = BUILT_PRODUCTS_DIR; };
		120F5F331F09FC0200B5E65A /* MenuControllerUITests.m */ = {isa = PBXFileReference; lastKnownFileType = sourcecode.c.objc; path = MenuControllerUITests.m; sourceTree = "<group>"; };
		120F5F351F09FC0200B5E65A /* Info.plist */ = {isa = PBXFileReference; lastKnownFileType = text.plist.xml; path = Info.plist; sourceTree = "<group>"; };
		120F5F3E1F0A336A00B5E65A /* ZYCLabel.h */ = {isa = PBXFileReference; fileEncoding = 4; lastKnownFileType = sourcecode.c.h; path = ZYCLabel.h; sourceTree = "<group>"; };
		120F5F3F1F0A336A00B5E65A /* ZYCLabel.m */ = {isa = PBXFileReference; fileEncoding = 4; lastKnownFileType = sourcecode.c.objc; path = ZYCLabel.m; sourceTree = "<group>"; };
/* End PBXFileReference section */

/* Begin PBXFrameworksBuildPhase section */
		120F5F101F09FBF700B5E65A /* Frameworks */ = {
			isa = PBXFrameworksBuildPhase;
			buildActionMask = 2147483647;
			files = (
			);
			runOnlyForDeploymentPostprocessing = 0;
		};
		120F5F2C1F09FC0200B5E65A /* Frameworks */ = {
			isa = PBXFrameworksBuildPhase;
			buildActionMask = 2147483647;
			files = (
			);
			runOnlyForDeploymentPostprocessing = 0;
		};
/* End PBXFrameworksBuildPhase section */

/* Begin PBXGroup section */
		120F5F0A1F09FBF700B5E65A = {
			isa = PBXGroup;
			children = (
				120F5F151F09FBF700B5E65A /* MenuController */,
				120F5F321F09FC0200B5E65A /* MenuControllerUITests */,
				120F5F141F09FBF700B5E65A /* Products */,
			);
			sourceTree = "<group>";
		};
		120F5F141F09FBF700B5E65A /* Products */ = {
			isa = PBXGroup;
			children = (
				120F5F131F09FBF700B5E65A /* MenuController.app */,
				120F5F2F1F09FC0200B5E65A /* MenuControllerUITests.xctest */,
			);
			name = Products;
			sourceTree = "<group>";
		};
		120F5F151F09FBF700B5E65A /* MenuController */ = {
			isa = PBXGroup;
			children = (
				120F5F3E1F0A336A00B5E65A /* ZYCLabel.h */,
				120F5F3F1F0A336A00B5E65A /* ZYCLabel.m */,
				120F5F191F09FBF700B5E65A /* AppDelegate.h */,
				120F5F1A1F09FBF700B5E65A /* AppDelegate.m */,
				120F5F1C1F09FBF700B5E65A /* ViewController.h */,
				120F5F1D1F09FBF700B5E65A /* ViewController.m */,
				120F5F1F1F09FBFA00B5E65A /* Main.storyboard */,
				120F5F251F09FBFD00B5E65A /* Assets.xcassets */,
				120F5F271F09FBFE00B5E65A /* LaunchScreen.storyboard */,
				120F5F2A1F09FBFE00B5E65A /* Info.plist */,
				120F5F221F09FBFB00B5E65A /* MenuController.xcdatamodeld */,
				120F5F161F09FBF700B5E65A /* Supporting Files */,
			);
			path = MenuController;
			sourceTree = "<group>";
		};
		120F5F161F09FBF700B5E65A /* Supporting Files */ = {
			isa = PBXGroup;
			children = (
				120F5F171F09FBF700B5E65A /* main.m */,
			);
			name = "Supporting Files";
			sourceTree = "<group>";
		};
		120F5F321F09FC0200B5E65A /* MenuControllerUITests */ = {
			isa = PBXGroup;
			children = (
				120F5F331F09FC0200B5E65A /* MenuControllerUITests.m */,
				120F5F351F09FC0200B5E65A /* Info.plist */,
			);
			path = MenuControllerUITests;
			sourceTree = "<group>";
		};
/* End PBXGroup section */

/* Begin PBXNativeTarget section */
		120F5F121F09FBF700B5E65A /* MenuController */ = {
			isa = PBXNativeTarget;
			buildConfigurationList = 120F5F381F09FC0200B5E65A /* Build configuration list for PBXNativeTarget "MenuController" */;
			buildPhases = (
				120F5F0F1F09FBF700B5E65A /* Sources */,
				120F5F101F09FBF700B5E65A /* Frameworks */,
				120F5F111F09FBF700B5E65A /* Resources */,
			);
			buildRules = (
			);
			dependencies = (
			);
			name = MenuController;
			productName = MenuController;
			productReference = 120F5F131F09FBF700B5E65A /* MenuController.app */;
			productType = "com.apple.product-type.application";
		};
		120F5F2E1F09FC0200B5E65A /* MenuControllerUITests */ = {
			isa = PBXNativeTarget;
			buildConfigurationList = 120F5F3B1F09FC0200B5E65A /* Build configuration list for PBXNativeTarget "MenuControllerUITests" */;
			buildPhases = (
				120F5F2B1F09FC0200B5E65A /* Sources */,
				120F5F2C1F09FC0200B5E65A /* Frameworks */,
				120F5F2D1F09FC0200B5E65A /* Resources */,
			);
			buildRules = (
			);
			dependencies = (
				120F5F311F09FC0200B5E65A /* PBXTargetDependency */,
			);
			name = MenuControllerUITests;
			productName = MenuControllerUITests;
			productReference = 120F5F2F1F09FC0200B5E65A /* MenuControllerUITests.xctest */;
			productType = "com.apple.product-type.bundle.ui-testing";
		};
/* End PBXNativeTarget section */

/* Begin PBXProject section */
		120F5F0B1F09FBF700B5E65A /* Project object */ = {
			isa = PBXProject;
			attributes = {
				LastUpgradeCheck = 0830;
				ORGANIZATIONNAME = wpzyc;
				TargetAttributes = {
					120F5F121F09FBF700B5E65A = {
						CreatedOnToolsVersion = 8.3.1;
						ProvisioningStyle = Automatic;
					};
					120F5F2E1F09FC0200B5E65A = {
						CreatedOnToolsVersion = 8.3.1;
						ProvisioningStyle = Automatic;
						TestTargetID = 120F5F121F09FBF700B5E65A;
					};
				};
			};
			buildConfigurationList = 120F5F0E1F09FBF700B5E65A /* Build configuration list for PBXProject "MenuController" */;
			compatibilityVersion = "Xcode 3.2";
			developmentRegion = English;
			hasScannedForEncodings = 0;
			knownRegions = (
				en,
				Base,
			);
			mainGroup = 120F5F0A1F09FBF700B5E65A;
			productRefGroup = 120F5F141F09FBF700B5E65A /* Products */;
			projectDirPath = "";
			projectRoot = "";
			targets = (
				120F5F121F09FBF700B5E65A /* MenuController */,
				120F5F2E1F09FC0200B5E65A /* MenuControllerUITests */,
			);
		};
/* End PBXProject section */

/* Begin PBXResourcesBuildPhase section */
		120F5F111F09FBF700B5E65A /* Resources */ = {
			isa = PBXResourcesBuildPhase;
			buildActionMask = 2147483647;
			files = (
				120F5F291F09FBFE00B5E65A /* LaunchScreen.storyboard in Resources */,
				120F5F261F09FBFD00B5E65A /* Assets.xcassets in Resources */,
				120F5F211F09FBFA00B5E65A /* Main.storyboard in Resources */,
			);
			runOnlyForDeploymentPostprocessing = 0;
		};
		120F5F2D1F09FC0200B5E65A /* Resources */ = {
			isa = PBXResourcesBuildPhase;
			buildActionMask = 2147483647;
			files = (
			);
			runOnlyForDeploymentPostprocessing = 0;
		};
/* End PBXResourcesBuildPhase section */

/* Begin PBXSourcesBuildPhase section */
		120F5F0F1F09FBF700B5E65A /* Sources */ = {
			isa = PBXSourcesBuildPhase;
			buildActionMask = 2147483647;
			files = (
				120F5F401F0A336A00B5E65A /* ZYCLabel.m in Sources */,
				120F5F241F09FBFC00B5E65A /* MenuController.xcdatamodeld in Sources */,
				120F5F1E1F09FBF700B5E65A /* ViewController.m in Sources */,
				120F5F1B1F09FBF700B5E65A /* AppDelegate.m in Sources */,
				120F5F181F09FBF700B5E65A /* main.m in Sources */,
			);
			runOnlyForDeploymentPostprocessing = 0;
		};
		120F5F2B1F09FC0200B5E65A /* Sources */ = {
			isa = PBXSourcesBuildPhase;
			buildActionMask = 2147483647;
			files = (
				120F5F341F09FC0200B5E65A /* MenuControllerUITests.m in Sources */,
			);
			runOnlyForDeploymentPostprocessing = 0;
		};
/* End PBXSourcesBuildPhase section */

/* Begin PBXTargetDependency section */
		120F5F311F09FC0200B5E65A /* PBXTargetDependency */ = {
			isa = PBXTargetDependency;
			target = 120F5F121F09FBF700B5E65A /* MenuController */;
			targetProxy = 120F5F301F09FC0200B5E65A /* PBXContainerItemProxy */;
		};
/* End PBXTargetDependency section */

/* Begin PBXVariantGroup section */
		120F5F1F1F09FBFA00B5E65A /* Main.storyboard */ = {
			isa = PBXVariantGroup;
			children = (
				120F5F201F09FBFA00B5E65A /* Base */,
			);
			name = Main.storyboard;
			sourceTree = "<group>";
		};
		120F5F271F09FBFE00B5E65A /* LaunchScreen.storyboard */ = {
			isa = PBXVariantGroup;
			children = (
				120F5F281F09FBFE00B5E65A /* Base */,
			);
			name = LaunchScreen.storyboard;
			sourceTree = "<group>";
		};
/* End PBXVariantGroup section */

/* Begin XCBuildConfiguration section */
		120F5F361F09FC0200B5E65A /* Debug */ = {
			isa = XCBuildConfiguration;
			buildSettings = {
				ALWAYS_SEARCH_USER_PATHS = NO;
				CLANG_ANALYZER_NONNULL = YES;
				CLANG_ANALYZER_NUMBER_OBJECT_CONVERSION = YES_AGGRESSIVE;
				CLANG_CXX_LANGUAGE_STANDARD = "gnu++0x";
				CLANG_CXX_LIBRARY = "libc++";
				CLANG_ENABLE_MODULES = YES;
				CLANG_ENABLE_OBJC_ARC = YES;
				CLANG_WARN_BOOL_CONVERSION = YES;
				CLANG_WARN_CONSTANT_CONVERSION = YES;
				CLANG_WARN_DIRECT_OBJC_ISA_USAGE = YES_ERROR;
				CLANG_WARN_DOCUMENTATION_COMMENTS = YES;
				CLANG_WARN_EMPTY_BODY = YES;
				CLANG_WARN_ENUM_CONVERSION = YES;
				CLANG_WARN_INFINITE_RECURSION = YES;
				CLANG_WARN_INT_CONVERSION = YES;
				CLANG_WARN_OBJC_ROOT_CLASS = YES_ERROR;
				CLANG_WARN_SUSPICIOUS_MOVE = YES;
				CLANG_WARN_UNREACHABLE_CODE = YES;
				CLANG_WARN__DUPLICATE_METHOD_MATCH = YES;
				"CODE_SIGN_IDENTITY[sdk=iphoneos*]" = "iPhone Developer";
				COPY_PHASE_STRIP = NO;
				DEBUG_INFORMATION_FORMAT = dwarf;
				ENABLE_STRICT_OBJC_MSGSEND = YES;
				ENABLE_TESTABILITY = YES;
				GCC_C_LANGUAGE_STANDARD = gnu99;
				GCC_DYNAMIC_NO_PIC = NO;
				GCC_NO_COMMON_BLOCKS = YES;
				GCC_OPTIMIZATION_LEVEL = 0;
				GCC_PREPROCESSOR_DEFINITIONS = (
					"DEBUG=1",
					"$(inherited)",
				);
				GCC_WARN_64_TO_32_BIT_CONVERSION = YES;
				GCC_WARN_ABOUT_RETURN_TYPE = YES_ERROR;
				GCC_WARN_UNDECLARED_SELECTOR = YES;
				GCC_WARN_UNINITIALIZED_AUTOS = YES_AGGRESSIVE;
				GCC_WARN_UNUSED_FUNCTION = YES;
				GCC_WARN_UNUSED_VARIABLE = YES;
				IPHONEOS_DEPLOYMENT_TARGET = 10.3;
				MTL_ENABLE_DEBUG_INFO = YES;
				ONLY_ACTIVE_ARCH = YES;
				SDKROOT = iphoneos;
			};
			name = Debug;
		};
		120F5F371F09FC0200B5E65A /* Release */ = {
			isa = XCBuildConfiguration;
			buildSettings = {
				ALWAYS_SEARCH_USER_PATHS = NO;
				CLANG_ANALYZER_NONNULL = YES;
				CLANG_ANALYZER_NUMBER_OBJECT_CONVERSION = YES_AGGRESSIVE;
				CLANG_CXX_LANGUAGE_STANDARD = "gnu++0x";
				CLANG_CXX_LIBRARY = "libc++";
				CLANG_ENABLE_MODULES = YES;
				CLANG_ENABLE_OBJC_ARC = YES;
				CLANG_WARN_BOOL_CONVERSION = YES;
				CLANG_WARN_CONSTANT_CONVERSION = YES;
				CLANG_WARN_DIRECT_OBJC_ISA_USAGE = YES_ERROR;
				CLANG_WARN_DOCUMENTATION_COMMENTS = YES;
				CLANG_WARN_EMPTY_BODY = YES;
				CLANG_WARN_ENUM_CONVERSION = YES;
				CLANG_WARN_INFINITE_RECURSION = YES;
				CLANG_WARN_INT_CONVERSION = YES;
				CLANG_WARN_OBJC_ROOT_CLASS = YES_ERROR;
				CLANG_WARN_SUSPICIOUS_MOVE = YES;
				CLANG_WARN_UNREACHABLE_CODE = YES;
				CLANG_WARN__DUPLICATE_METHOD_MATCH = YES;
				"CODE_SIGN_IDENTITY[sdk=iphoneos*]" = "iPhone Developer";
				COPY_PHASE_STRIP = NO;
				DEBUG_INFORMATION_FORMAT = "dwarf-with-dsym";
				ENABLE_NS_ASSERTIONS = NO;
				ENABLE_STRICT_OBJC_MSGSEND = YES;
				GCC_C_LANGUAGE_STANDARD = gnu99;
				GCC_NO_COMMON_BLOCKS = YES;
				GCC_WARN_64_TO_32_BIT_CONVERSION = YES;
				GCC_WARN_ABOUT_RETURN_TYPE = YES_ERROR;
				GCC_WARN_UNDECLARED_SELECTOR = YES;
				GCC_WARN_UNINITIALIZED_AUTOS = YES_AGGRESSIVE;
				GCC_WARN_UNUSED_FUNCTION = YES;
				GCC_WARN_UNUSED_VARIABLE = YES;
				IPHONEOS_DEPLOYMENT_TARGET = 10.3;
				MTL_ENABLE_DEBUG_INFO = NO;
				SDKROOT = iphoneos;
				VALIDATE_PRODUCT = YES;
			};
			name = Release;
		};
		120F5F391F09FC0200B5E65A /* Debug */ = {
			isa = XCBuildConfiguration;
			buildSettings = {
				ASSETCATALOG_COMPILER_APPICON_NAME = AppIcon;
				INFOPLIST_FILE = MenuController/Info.plist;
				LD_RUNPATH_SEARCH_PATHS = "$(inherited) @executable_path/Frameworks";
				PRODUCT_BUNDLE_IDENTIFIER = com.wpzyc.MenuController;
				PRODUCT_NAME = "$(TARGET_NAME)";
			};
			name = Debug;
		};
		120F5F3A1F09FC0200B5E65A /* Release */ = {
			isa = XCBuildConfiguration;
			buildSettings = {
				ASSETCATALOG_COMPILER_APPICON_NAME = AppIcon;
				INFOPLIST_FILE = MenuController/Info.plist;
				LD_RUNPATH_SEARCH_PATHS = "$(inherited) @executable_path/Frameworks";
				PRODUCT_BUNDLE_IDENTIFIER = com.wpzyc.MenuController;
				PRODUCT_NAME = "$(TARGET_NAME)";
			};
			name = Release;
		};
		120F5F3C1F09FC0200B5E65A /* Debug */ = {
			isa = XCBuildConfiguration;
			buildSettings = {
				INFOPLIST_FILE = MenuControllerUITests/Info.plist;
				LD_RUNPATH_SEARCH_PATHS = "$(inherited) @executable_path/Frameworks @loader_path/Frameworks";
				PRODUCT_BUNDLE_IDENTIFIER = com.wpzyc.MenuControllerUITests;
				PRODUCT_NAME = "$(TARGET_NAME)";
				TEST_TARGET_NAME = MenuController;
			};
			name = Debug;
		};
		120F5F3D1F09FC0200B5E65A /* Release */ = {
			isa = XCBuildConfiguration;
			buildSettings = {
				INFOPLIST_FILE = MenuControllerUITests/Info.plist;
				LD_RUNPATH_SEARCH_PATHS = "$(inherited) @executable_path/Frameworks @loader_path/Frameworks";
				PRODUCT_BUNDLE_IDENTIFIER = com.wpzyc.MenuControllerUITests;
				PRODUCT_NAME = "$(TARGET_NAME)";
				TEST_TARGET_NAME = MenuController;
			};
			name = Release;
		};
/* End XCBuildConfiguration section */

/* Begin XCConfigurationList section */
		120F5F0E1F09FBF700B5E65A /* Build configuration list for PBXProject "MenuController" */ = {
			isa = XCConfigurationList;
			buildConfigurations = (
				120F5F361F09FC0200B5E65A /* Debug */,
				120F5F371F09FC0200B5E65A /* Release */,
			);
			defaultConfigurationIsVisible = 0;
			defaultConfigurationName = Release;
		};
		120F5F381F09FC0200B5E65A /* Build configuration list for PBXNativeTarget "MenuController" */ = {
			isa = XCConfigurationList;
			buildConfigurations = (
				120F5F391F09FC0200B5E65A /* Debug */,
				120F5F3A1F09FC0200B5E65A /* Release */,
			);
			defaultConfigurationIsVisible = 0;
			defaultConfigurationName = Release;
		};
		120F5F3B1F09FC0200B5E65A /* Build configuration list for PBXNativeTarget "MenuControllerUITests" */ = {
			isa = XCConfigurationList;
			buildConfigurations = (
				120F5F3C1F09FC0200B5E65A /* Debug */,
				120F5F3D1F09FC0200B5E65A /* Release */,
			);
			defaultConfigurationIsVisible = 0;
			defaultConfigurationName = Release;
		};
/* End XCConfigurationList section */

/* Begin XCVersionGroup section */
		120F5F221F09FBFB00B5E65A /* MenuController.xcdatamodeld */ = {
			isa = XCVersionGroup;
			children = (
				120F5F231F09FBFB00B5E65A /* MenuController.xcdatamodel */,
			);
			currentVersion = 120F5F231F09FBFB00B5E65A /* MenuController.xcdatamodel */;
			path = MenuController.xcdatamodeld;
			sourceTree = "<group>";
			versionGroupType = wrapper.xcdatamodel;
		};
/* End XCVersionGroup section */
	};
	rootObject = 120F5F0B1F09FBF700B5E65A /* Project object */;
}
